
Microsoft Visual Studio Solution File, Format Version 12.00
# Visual Studio 14
VisualStudioVersion = 14.0.25420.1
MinimumVisualStudioVersion = 10.0.40219.1
Project("{FAE04EC0-301F-11D3-BF4B-00C04F79EFBC}") = "OnlineShoppingWeb", "OnlineShoppingWeb\OnlineShoppingWeb.csproj", "{8C49838A-06A3-44D8-B267-88B93BE64813}"
EndProject
Project("{FAE04EC0-301F-11D3-BF4B-00C04F79EFBC}") = "OnlineShopping_BL", "OnlineShopping_BL\OnlineShopping_BL.csproj", "{2DDEB6CA-5F55-4310-AF08-D17066F31CBA}"
EndProject
Project("{FAE04EC0-301F-11D3-BF4B-00C04F79EFBC}") = "OnlineShopping_DAL", "OnlineShopping_DAL\OnlineShopping_DAL.csproj", "{2355498A-FC2F-4599-A5C7-C519DB5AF4DC}"
EndProject
Project("{FAE04EC0-301F-11D3-BF4B-00C04F79EFBC}") = "OnlineShopping_Entity", "OnlineShopping_Entity\OnlineShopping_Entity.csproj", "{456363DA-4724-40F5-981B-9210030D6CA6}"
EndProject
Project("{FAE04EC0-301F-11D3-BF4B-00C04F79EFBC}") = "OnlineShopping_Common", "OnlineShopping_Common\OnlineShopping_Common.csproj", "{11B93788-6D52-489C-A977-62AF26223413}"
EndProject
Global
	GlobalSection(SolutionConfigurationPlatforms) = preSolution
		Debug|Any CPU = Debug|Any CPU
		Release|Any CPU = Release|Any CPU
	EndGlobalSection
	GlobalSection(ProjectConfigurationPlatforms) = postSolution
		{8C49838A-06A3-44D8-B267-88B93BE64813}.Debug|Any CPU.ActiveCfg = Debug|Any CPU
		{8C49838A-06A3-44D8-B267-88B93BE64813}.Debug|Any CPU.Build.0 = Debug|Any CPU
		{8C49838A-06A3-44D8-B267-88B93BE64813}.Release|Any CPU.ActiveCfg = Release|Any CPU
		{8C49838A-06A3-44D8-B267-88B93BE64813}.Release|Any CPU.Build.0 = Release|Any CPU
		{2DDEB6CA-5F55-4310-AF08-D17066F31CBA}.Debug|Any CPU.ActiveCfg = Debug|Any CPU
		{2DDEB6CA-5F55-4310-AF08-D17066F31CBA}.Debug|Any CPU.Build.0 = Debug|Any CPU
		{2DDEB6CA-5F55-4310-AF08-D17066F31CBA}.Release|Any CPU.ActiveCfg = Release|Any CPU
		{2DDEB6CA-5F55-4310-AF08-D17066F31CBA}.Release|Any CPU.Build.0 = Release|Any CPU
		{2355498A-FC2F-4599-A5C7-C519DB5AF4DC}.Debug|Any CPU.ActiveCfg = Debug|Any CPU
		{2355498A-FC2F-4599-A5C7-C519DB5AF4DC}.Debug|Any CPU.Build.0 = Debug|Any CPU
		{2355498A-FC2F-4599-A5C7-C519DB5AF4DC}.Release|Any CPU.ActiveCfg = Release|Any CPU
		{2355498A-FC2F-4599-A5C7-C519DB5AF4DC}.Release|Any CPU.Build.0 = Release|Any CPU
		{456363DA-4724-40F5-981B-9210030D6CA6}.Debug|Any CPU.ActiveCfg = Debug|Any CPU
		{456363DA-4724-40F5-981B-9210030D6CA6}.Debug|Any CPU.Build.0 = Debug|Any CPU
		{456363DA-4724-40F5-981B-9210030D6CA6}.Release|Any CPU.ActiveCfg = Release|Any CPU
		{456363DA-4724-40F5-981B-9210030D6CA6}.Release|Any CPU.Build.0 = Release|Any CPU
		{11B93788-6D52-489C-A977-62AF26223413}.Debug|Any CPU.ActiveCfg = Debug|Any CPU
		{11B93788-6D52-489C-A977-62AF26223413}.Debug|Any CPU.Build.0 = Debug|Any CPU
		{11B93788-6D52-489C-A977-62AF26223413}.Release|Any CPU.ActiveCfg = Release|Any CPU
		{11B93788-6D52-489C-A977-62AF26223413}.Release|Any CPU.Build.0 = Release|Any CPU
	EndGlobalSection
	GlobalSection(SolutionProperties) = preSolution
		HideSolutionNode = FALSE
	EndGlobalSection
EndGlobal
